
Microsoft Visual Studio Solution File, Format Version 12.00
# Visual Studio Version 17
VisualStudioVersion = 17.13.35723.152 d17.13
MinimumVisualStudioVersion = 10.0.40219.1
Project("{FAE04EC0-301F-11D3-BF4B-00C04F79EFBC}") = "WTDawson.PersistentID", "WTDawson.PersistentID\WTDawson.PersistentID.csproj", "{5D3DD72D-529A-4359-85A1-AFB16E6E5380}"
EndProject
Project("{FAE04EC0-301F-11D3-BF4B-00C04F79EFBC}") = "Testing", "Testing\Testing.csproj", "{09EDF0D0-2299-4BB2-96A1-67D769E1E1CB}"
EndProject
Global
	GlobalSection(SolutionConfigurationPlatforms) = preSolution
		Debug|Any CPU = Debug|Any CPU
		Release|Any CPU = Release|Any CPU
	EndGlobalSection
	GlobalSection(ProjectConfigurationPlatforms) = postSolution
		{5D3DD72D-529A-4359-85A1-AFB16E6E5380}.Debug|Any CPU.ActiveCfg = Debug|Any CPU
		{5D3DD72D-529A-4359-85A1-AFB16E6E5380}.Debug|Any CPU.Build.0 = Debug|Any CPU
		{5D3DD72D-529A-4359-85A1-AFB16E6E5380}.Release|Any CPU.ActiveCfg = Release|Any CPU
		{5D3DD72D-529A-4359-85A1-AFB16E6E5380}.Release|Any CPU.Build.0 = Release|Any CPU
		{09EDF0D0-2299-4BB2-96A1-67D769E1E1CB}.Debug|Any CPU.ActiveCfg = Debug|Any CPU
		{09EDF0D0-2299-4BB2-96A1-67D769E1E1CB}.Debug|Any CPU.Build.0 = Debug|Any CPU
		{09EDF0D0-2299-4BB2-96A1-67D769E1E1CB}.Release|Any CPU.ActiveCfg = Release|Any CPU
		{09EDF0D0-2299-4BB2-96A1-67D769E1E1CB}.Release|Any CPU.Build.0 = Release|Any CPU
	EndGlobalSection
	GlobalSection(SolutionProperties) = preSolution
		HideSolutionNode = FALSE
	EndGlobalSection
	GlobalSection(ExtensibilityGlobals) = postSolution
		SolutionGuid = {A9B766E7-C10F-4B57-BEBC-16805749A619}
	EndGlobalSection
EndGlobal
